
Microsoft Visual Studio Solution File, Format Version 12.00
# Visual Studio Version 17
VisualStudioVersion = 17.6.33815.320
MinimumVisualStudioVersion = 10.0.40219.1
Project("{FAE04EC0-301F-11D3-BF4B-00C04F79EFBC}") = "Assignment7", "Assignment7\Assignment7.csproj", "{CF2A4DF2-BB3F-4FFB-9E96-7A63B4BB36AA}"
EndProject
Global
	GlobalSection(SolutionConfigurationPlatforms) = preSolution
		Debug|Any CPU = Debug|Any CPU
		Release|Any CPU = Release|Any CPU
	EndGlobalSection
	GlobalSection(ProjectConfigurationPlatforms) = postSolution
		{CF2A4DF2-BB3F-4FFB-9E96-7A63B4BB36AA}.Debug|Any CPU.ActiveCfg = Debug|Any CPU
		{CF2A4DF2-BB3F-4FFB-9E96-7A63B4BB36AA}.Debug|Any CPU.Build.0 = Debug|Any CPU
		{CF2A4DF2-BB3F-4FFB-9E96-7A63B4BB36AA}.Release|Any CPU.ActiveCfg = Release|Any CPU
		{CF2A4DF2-BB3F-4FFB-9E96-7A63B4BB36AA}.Release|Any CPU.Build.0 = Release|Any CPU
	EndGlobalSection
	GlobalSection(SolutionProperties) = preSolution
		HideSolutionNode = FALSE
	EndGlobalSection
	GlobalSection(ExtensibilityGlobals) = postSolution
		SolutionGuid = {E6B30905-DB59-4233-BA27-B7879C279E47}
	EndGlobalSection
EndGlobal
